// !$*UTF8*$!
{
	archiveVersion = 1;
	classes = {
	};
	objectVersion = 48;
	objects = {

/* Begin PBXBuildFile section */
		4063F380203B589300BF6EDC /* AppDelegate.swift in Sources */ = {isa = PBXBuildFile; fileRef = 4063F37F203B589300BF6EDC /* AppDelegate.swift */; };
		4063F387203B589300BF6EDC /* Assets.xcassets in Resources */ = {isa = PBXBuildFile; fileRef = 4063F386203B589300BF6EDC /* Assets.xcassets */; };
		4063F38A203B589300BF6EDC /* LaunchScreen.storyboard in Resources */ = {isa = PBXBuildFile; fileRef = 4063F388203B589300BF6EDC /* LaunchScreen.storyboard */; };
		4063F395203B589300BF6EDC /* UsersViewProcessorTests.swift in Sources */ = {isa = PBXBuildFile; fileRef = 4063F394203B589300BF6EDC /* UsersViewProcessorTests.swift */; };
		4063F3AD203B59B200BF6EDC /* SlackNetworkHelper.swift in Sources */ = {isa = PBXBuildFile; fileRef = 4063F3A8203B59B200BF6EDC /* SlackNetworkHelper.swift */; };
		4063F3AE203B59B200BF6EDC /* NetworkManager.swift in Sources */ = {isa = PBXBuildFile; fileRef = 4063F3A9203B59B200BF6EDC /* NetworkManager.swift */; };
		4063F3AF203B59B200BF6EDC /* SlackUserService.swift in Sources */ = {isa = PBXBuildFile; fileRef = 4063F3AA203B59B200BF6EDC /* SlackUserService.swift */; };
		4063F3B0203B59B200BF6EDC /* Secrets.swift in Sources */ = {isa = PBXBuildFile; fileRef = 4063F3AB203B59B200BF6EDC /* Secrets.swift */; };
		4063F3B1203B59B200BF6EDC /* SlackUserStructs.swift in Sources */ = {isa = PBXBuildFile; fileRef = 4063F3AC203B59B200BF6EDC /* SlackUserStructs.swift */; };
		4063F3C5203B59BC00BF6EDC /* UIViewController+create.swift in Sources */ = {isa = PBXBuildFile; fileRef = 4063F3B3203B59BC00BF6EDC /* UIViewController+create.swift */; };
		4063F3C6203B59BC00BF6EDC /* Collection+safe.swift in Sources */ = {isa = PBXBuildFile; fileRef = 4063F3B4203B59BC00BF6EDC /* Collection+safe.swift */; };
		4063F3C7203B59BC00BF6EDC /* UIView+Create.swift in Sources */ = {isa = PBXBuildFile; fileRef = 4063F3B5203B59BC00BF6EDC /* UIView+Create.swift */; };
		4063F3C8203B59BC00BF6EDC /* UIImage+url.swift in Sources */ = {isa = PBXBuildFile; fileRef = 4063F3B6203B59BC00BF6EDC /* UIImage+url.swift */; };
		4063F3C9203B59BC00BF6EDC /* UIImageView+url.swift in Sources */ = {isa = PBXBuildFile; fileRef = 4063F3B7203B59BC00BF6EDC /* UIImageView+url.swift */; };
		4063F3CA203B59BC00BF6EDC /* Logger.swift in Sources */ = {isa = PBXBuildFile; fileRef = 4063F3B9203B59BC00BF6EDC /* Logger.swift */; };
		4063F3CB203B59BC00BF6EDC /* UsersViewController.swift in Sources */ = {isa = PBXBuildFile; fileRef = 4063F3BC203B59BC00BF6EDC /* UsersViewController.swift */; };
		4063F3CC203B59BC00BF6EDC /* UsersViewController.storyboard in Resources */ = {isa = PBXBuildFile; fileRef = 4063F3BD203B59BC00BF6EDC /* UsersViewController.storyboard */; };
		4063F3CD203B59BC00BF6EDC /* UserTableViewCell.swift in Sources */ = {isa = PBXBuildFile; fileRef = 4063F3BF203B59BC00BF6EDC /* UserTableViewCell.swift */; };
		4063F3CE203B59BC00BF6EDC /* UsersViewProcessor.swift in Sources */ = {isa = PBXBuildFile; fileRef = 4063F3C0203B59BC00BF6EDC /* UsersViewProcessor.swift */; };
		4063F3CF203B59BC00BF6EDC /* UserTableViewCell.xib in Resources */ = {isa = PBXBuildFile; fileRef = 4063F3C1203B59BC00BF6EDC /* UserTableViewCell.xib */; };
		4063F3D0203B59BC00BF6EDC /* UserProfileViewController.swift in Sources */ = {isa = PBXBuildFile; fileRef = 4063F3C3203B59BC00BF6EDC /* UserProfileViewController.swift */; };
		4063F3D1203B59BC00BF6EDC /* UserProfileViewController.storyboard in Resources */ = {isa = PBXBuildFile; fileRef = 4063F3C4203B59BC00BF6EDC /* UserProfileViewController.storyboard */; };
/* End PBXBuildFile section */

/* Begin PBXContainerItemProxy section */
		4063F391203B589300BF6EDC /* PBXContainerItemProxy */ = {
			isa = PBXContainerItemProxy;
			containerPortal = 4063F374203B589300BF6EDC /* Project object */;
			proxyType = 1;
			remoteGlobalIDString = 4063F37B203B589300BF6EDC;
			remoteInfo = SlackUserParty;
		};
/* End PBXContainerItemProxy section */

/* Begin PBXFileReference section */
		4063F37C203B589300BF6EDC /* SlackUserParty.app */ = {isa = PBXFileReference; explicitFileType = wrapper.application; includeInIndex = 0; path = SlackUserParty.app; sourceTree = BUILT_PRODUCTS_DIR; };
		4063F37F203B589300BF6EDC /* AppDelegate.swift */ = {isa = PBXFileReference; lastKnownFileType = sourcecode.swift; path = AppDelegate.swift; sourceTree = "<group>"; };
		4063F386203B589300BF6EDC /* Assets.xcassets */ = {isa = PBXFileReference; lastKnownFileType = folder.assetcatalog; path = Assets.xcassets; sourceTree = "<group>"; };
		4063F389203B589300BF6EDC /* Base */ = {isa = PBXFileReference; lastKnownFileType = file.storyboard; name = Base; path = Base.lproj/LaunchScreen.storyboard; sourceTree = "<group>"; };
		4063F38B203B589300BF6EDC /* Info.plist */ = {isa = PBXFileReference; lastKnownFileType = text.plist.xml; path = Info.plist; sourceTree = "<group>"; };
		4063F390203B589300BF6EDC /* SlackUserPartyTests.xctest */ = {isa = PBXFileReference; explicitFileType = wrapper.cfbundle; includeInIndex = 0; path = SlackUserPartyTests.xctest; sourceTree = BUILT_PRODUCTS_DIR; };
		4063F394203B589300BF6EDC /* UsersViewProcessorTests.swift */ = {isa = PBXFileReference; lastKnownFileType = sourcecode.swift; path = UsersViewProcessorTests.swift; sourceTree = "<group>"; };
		4063F396203B589300BF6EDC /* Info.plist */ = {isa = PBXFileReference; lastKnownFileType = text.plist.xml; path = Info.plist; sourceTree = "<group>"; };
		4063F3A8203B59B200BF6EDC /* SlackNetworkHelper.swift */ = {isa = PBXFileReference; fileEncoding = 4; lastKnownFileType = sourcecode.swift; path = SlackNetworkHelper.swift; sourceTree = "<group>"; };
		4063F3A9203B59B200BF6EDC /* NetworkManager.swift */ = {isa = PBXFileReference; fileEncoding = 4; lastKnownFileType = sourcecode.swift; path = NetworkManager.swift; sourceTree = "<group>"; };
		4063F3AA203B59B200BF6EDC /* SlackUserService.swift */ = {isa = PBXFileReference; fileEncoding = 4; lastKnownFileType = sourcecode.swift; path = SlackUserService.swift; sourceTree = "<group>"; };
		4063F3AB203B59B200BF6EDC /* Secrets.swift */ = {isa = PBXFileReference; fileEncoding = 4; lastKnownFileType = sourcecode.swift; path = Secrets.swift; sourceTree = "<group>"; };
		4063F3AC203B59B200BF6EDC /* SlackUserStructs.swift */ = {isa = PBXFileReference; fileEncoding = 4; lastKnownFileType = sourcecode.swift; path = SlackUserStructs.swift; sourceTree = "<group>"; };
		4063F3B3203B59BC00BF6EDC /* UIViewController+create.swift */ = {isa = PBXFileReference; fileEncoding = 4; lastKnownFileType = sourcecode.swift; path = "UIViewController+create.swift"; sourceTree = "<group>"; };
		4063F3B4203B59BC00BF6EDC /* Collection+safe.swift */ = {isa = PBXFileReference; fileEncoding = 4; lastKnownFileType = sourcecode.swift; path = "Collection+safe.swift"; sourceTree = "<group>"; };
		4063F3B5203B59BC00BF6EDC /* UIView+Create.swift */ = {isa = PBXFileReference; fileEncoding = 4; lastKnownFileType = sourcecode.swift; path = "UIView+Create.swift"; sourceTree = "<group>"; };
		4063F3B6203B59BC00BF6EDC /* UIImage+url.swift */ = {isa = PBXFileReference; fileEncoding = 4; lastKnownFileType = sourcecode.swift; path = "UIImage+url.swift"; sourceTree = "<group>"; };
		4063F3B7203B59BC00BF6EDC /* UIImageView+url.swift */ = {isa = PBXFileReference; fileEncoding = 4; lastKnownFileType = sourcecode.swift; path = "UIImageView+url.swift"; sourceTree = "<group>"; };
		4063F3B9203B59BC00BF6EDC /* Logger.swift */ = {isa = PBXFileReference; fileEncoding = 4; lastKnownFileType = sourcecode.swift; path = Logger.swift; sourceTree = "<group>"; };
		4063F3BC203B59BC00BF6EDC /* UsersViewController.swift */ = {isa = PBXFileReference; fileEncoding = 4; lastKnownFileType = sourcecode.swift; path = UsersViewController.swift; sourceTree = "<group>"; };
		4063F3BE203B59BC00BF6EDC /* Base */ = {isa = PBXFileReference; lastKnownFileType = file.storyboard; name = Base; path = Base.lproj/UsersViewController.storyboard; sourceTree = "<group>"; };
		4063F3BF203B59BC00BF6EDC /* UserTableViewCell.swift */ = {isa = PBXFileReference; fileEncoding = 4; lastKnownFileType = sourcecode.swift; path = UserTableViewCell.swift; sourceTree = "<group>"; };
		4063F3C0203B59BC00BF6EDC /* UsersViewProcessor.swift */ = {isa = PBXFileReference; fileEncoding = 4; lastKnownFileType = sourcecode.swift; path = UsersViewProcessor.swift; sourceTree = "<group>"; };
		4063F3C1203B59BC00BF6EDC /* UserTableViewCell.xib */ = {isa = PBXFileReference; fileEncoding = 4; lastKnownFileType = file.xib; path = UserTableViewCell.xib; sourceTree = "<group>"; };
		4063F3C3203B59BC00BF6EDC /* UserProfileViewController.swift */ = {isa = PBXFileReference; fileEncoding = 4; lastKnownFileType = sourcecode.swift; path = UserProfileViewController.swift; sourceTree = "<group>"; };
		4063F3C4203B59BC00BF6EDC /* UserProfileViewController.storyboard */ = {isa = PBXFileReference; fileEncoding = 4; lastKnownFileType = file.storyboard; path = UserProfileViewController.storyboard; sourceTree = "<group>"; };
/* End PBXFileReference section */

/* Begin PBXFrameworksBuildPhase section */
		4063F379203B589300BF6EDC /* Frameworks */ = {
			isa = PBXFrameworksBuildPhase;
			buildActionMask = 2147483647;
			files = (
			);
			runOnlyForDeploymentPostprocessing = 0;
		};
		4063F38D203B589300BF6EDC /* Frameworks */ = {
			isa = PBXFrameworksBuildPhase;
			buildActionMask = 2147483647;
			files = (
			);
			runOnlyForDeploymentPostprocessing = 0;
		};
/* End PBXFrameworksBuildPhase section */

/* Begin PBXGroup section */
		4063F373203B589300BF6EDC = {
			isa = PBXGroup;
			children = (
				4063F37E203B589300BF6EDC /* SlackUserParty */,
				4063F393203B589300BF6EDC /* SlackUserPartyTests */,
				4063F37D203B589300BF6EDC /* Products */,
			);
			sourceTree = "<group>";
		};
		4063F37D203B589300BF6EDC /* Products */ = {
			isa = PBXGroup;
			children = (
				4063F37C203B589300BF6EDC /* SlackUserParty.app */,
				4063F390203B589300BF6EDC /* SlackUserPartyTests.xctest */,
			);
			name = Products;
			sourceTree = "<group>";
		};
		4063F37E203B589300BF6EDC /* SlackUserParty */ = {
			isa = PBXGroup;
			children = (
				4063F37F203B589300BF6EDC /* AppDelegate.swift */,
				4063F3B8203B59BC00BF6EDC /* Foundation */,
				4063F3B2203B59BC00BF6EDC /* Extensions */,
				4063F3BA203B59BC00BF6EDC /* Interface */,
				4063F3A7203B59B200BF6EDC /* Data */,
				4063F386203B589300BF6EDC /* Assets.xcassets */,
				4063F388203B589300BF6EDC /* LaunchScreen.storyboard */,
				4063F38B203B589300BF6EDC /* Info.plist */,
			);
			path = SlackUserParty;
			sourceTree = "<group>";
		};
		4063F393203B589300BF6EDC /* SlackUserPartyTests */ = {
			isa = PBXGroup;
			children = (
				4063F394203B589300BF6EDC /* UsersViewProcessorTests.swift */,
				4063F396203B589300BF6EDC /* Info.plist */,
			);
			path = SlackUserPartyTests;
			sourceTree = "<group>";
		};
		4063F3A7203B59B200BF6EDC /* Data */ = {
			isa = PBXGroup;
			children = (
				4063F3A8203B59B200BF6EDC /* SlackNetworkHelper.swift */,
				4063F3A9203B59B200BF6EDC /* NetworkManager.swift */,
				4063F3AA203B59B200BF6EDC /* SlackUserService.swift */,
				4063F3AB203B59B200BF6EDC /* Secrets.swift */,
				4063F3AC203B59B200BF6EDC /* SlackUserStructs.swift */,
			);
			path = Data;
			sourceTree = "<group>";
		};
		4063F3B2203B59BC00BF6EDC /* Extensions */ = {
			isa = PBXGroup;
			children = (
				4063F3B3203B59BC00BF6EDC /* UIViewController+create.swift */,
				4063F3B4203B59BC00BF6EDC /* Collection+safe.swift */,
				4063F3B5203B59BC00BF6EDC /* UIView+Create.swift */,
				4063F3B6203B59BC00BF6EDC /* UIImage+url.swift */,
				4063F3B7203B59BC00BF6EDC /* UIImageView+url.swift */,
			);
			name = Extensions;
			path = SlackUserParty/Extensions;
			sourceTree = SOURCE_ROOT;
		};
		4063F3B8203B59BC00BF6EDC /* Foundation */ = {
			isa = PBXGroup;
			children = (
				4063F3B9203B59BC00BF6EDC /* Logger.swift */,
			);
			name = Foundation;
			path = SlackUserParty/Foundation;
			sourceTree = SOURCE_ROOT;
		};
		4063F3BA203B59BC00BF6EDC /* Interface */ = {
			isa = PBXGroup;
			children = (
				4063F3BB203B59BC00BF6EDC /* UsersList */,
				4063F3C2203B59BC00BF6EDC /* UserProfile */,
			);
			name = Interface;
			path = SlackUserParty/Interface;
			sourceTree = SOURCE_ROOT;
		};
		4063F3BB203B59BC00BF6EDC /* UsersList */ = {
			isa = PBXGroup;
			children = (
				4063F3BC203B59BC00BF6EDC /* UsersViewController.swift */,
				4063F3BD203B59BC00BF6EDC /* UsersViewController.storyboard */,
				4063F3BF203B59BC00BF6EDC /* UserTableViewCell.swift */,
				4063F3C0203B59BC00BF6EDC /* UsersViewProcessor.swift */,
				4063F3C1203B59BC00BF6EDC /* UserTableViewCell.xib */,
			);
			path = UsersList;
			sourceTree = "<group>";
		};
		4063F3C2203B59BC00BF6EDC /* UserProfile */ = {
			isa = PBXGroup;
			children = (
				4063F3C3203B59BC00BF6EDC /* UserProfileViewController.swift */,
				4063F3C4203B59BC00BF6EDC /* UserProfileViewController.storyboard */,
			);
			path = UserProfile;
			sourceTree = "<group>";
		};
/* End PBXGroup section */

/* Begin PBXNativeTarget section */
		4063F37B203B589300BF6EDC /* SlackUserParty */ = {
			isa = PBXNativeTarget;
			buildConfigurationList = 4063F399203B589300BF6EDC /* Build configuration list for PBXNativeTarget "SlackUserParty" */;
			buildPhases = (
				4063F378203B589300BF6EDC /* Sources */,
				4063F379203B589300BF6EDC /* Frameworks */,
				4063F37A203B589300BF6EDC /* Resources */,
			);
			buildRules = (
			);
			dependencies = (
			);
			name = SlackUserParty;
			productName = SlackUserParty;
			productReference = 4063F37C203B589300BF6EDC /* SlackUserParty.app */;
			productType = "com.apple.product-type.application";
		};
		4063F38F203B589300BF6EDC /* SlackUserPartyTests */ = {
			isa = PBXNativeTarget;
			buildConfigurationList = 4063F39C203B589300BF6EDC /* Build configuration list for PBXNativeTarget "SlackUserPartyTests" */;
			buildPhases = (
				4063F38C203B589300BF6EDC /* Sources */,
				4063F38D203B589300BF6EDC /* Frameworks */,
				4063F38E203B589300BF6EDC /* Resources */,
			);
			buildRules = (
			);
			dependencies = (
				4063F392203B589300BF6EDC /* PBXTargetDependency */,
			);
			name = SlackUserPartyTests;
			productName = SlackUserPartyTests;
			productReference = 4063F390203B589300BF6EDC /* SlackUserPartyTests.xctest */;
			productType = "com.apple.product-type.bundle.unit-test";
		};
/* End PBXNativeTarget section */

/* Begin PBXProject section */
		4063F374203B589300BF6EDC /* Project object */ = {
			isa = PBXProject;
			attributes = {
				LastSwiftUpdateCheck = 0920;
				LastUpgradeCheck = 0920;
				ORGANIZATIONNAME = "Brice Pollock";
				TargetAttributes = {
					4063F37B203B589300BF6EDC = {
						CreatedOnToolsVersion = 9.2;
						ProvisioningStyle = Automatic;
					};
					4063F38F203B589300BF6EDC = {
						CreatedOnToolsVersion = 9.2;
						ProvisioningStyle = Automatic;
						TestTargetID = 4063F37B203B589300BF6EDC;
					};
				};
			};
			buildConfigurationList = 4063F377203B589300BF6EDC /* Build configuration list for PBXProject "SlackUserParty" */;
			compatibilityVersion = "Xcode 8.0";
			developmentRegion = en;
			hasScannedForEncodings = 0;
			knownRegions = (
				en,
				Base,
			);
			mainGroup = 4063F373203B589300BF6EDC;
			productRefGroup = 4063F37D203B589300BF6EDC /* Products */;
			projectDirPath = "";
			projectRoot = "";
			targets = (
				4063F37B203B589300BF6EDC /* SlackUserParty */,
				4063F38F203B589300BF6EDC /* SlackUserPartyTests */,
			);
		};
/* End PBXProject section */

/* Begin PBXResourcesBuildPhase section */
		4063F37A203B589300BF6EDC /* Resources */ = {
			isa = PBXResourcesBuildPhase;
			buildActionMask = 2147483647;
			files = (
				4063F3D1203B59BC00BF6EDC /* UserProfileViewController.storyboard in Resources */,
				4063F38A203B589300BF6EDC /* LaunchScreen.storyboard in Resources */,
				4063F387203B589300BF6EDC /* Assets.xcassets in Resources */,
				4063F3CC203B59BC00BF6EDC /* UsersViewController.storyboard in Resources */,
				4063F3CF203B59BC00BF6EDC /* UserTableViewCell.xib in Resources */,
			);
			runOnlyForDeploymentPostprocessing = 0;
		};
		4063F38E203B589300BF6EDC /* Resources */ = {
			isa = PBXResourcesBuildPhase;
			buildActionMask = 2147483647;
			files = (
			);
			runOnlyForDeploymentPostprocessing = 0;
		};
/* End PBXResourcesBuildPhase section */

/* Begin PBXSourcesBuildPhase section */
		4063F378203B589300BF6EDC /* Sources */ = {
			isa = PBXSourcesBuildPhase;
			buildActionMask = 2147483647;
			files = (
				4063F3AE203B59B200BF6EDC /* NetworkManager.swift in Sources */,
				4063F3B0203B59B200BF6EDC /* Secrets.swift in Sources */,
				4063F3CD203B59BC00BF6EDC /* UserTableViewCell.swift in Sources */,
				4063F3CB203B59BC00BF6EDC /* UsersViewController.swift in Sources */,
				4063F380203B589300BF6EDC /* AppDelegate.swift in Sources */,
				4063F3C8203B59BC00BF6EDC /* UIImage+url.swift in Sources */,
				4063F3AD203B59B200BF6EDC /* SlackNetworkHelper.swift in Sources */,
				4063F3B1203B59B200BF6EDC /* SlackUserStructs.swift in Sources */,
				4063F3C5203B59BC00BF6EDC /* UIViewController+create.swift in Sources */,
				4063F3D0203B59BC00BF6EDC /* UserProfileViewController.swift in Sources */,
				4063F3CA203B59BC00BF6EDC /* Logger.swift in Sources */,
				4063F3CE203B59BC00BF6EDC /* UsersViewProcessor.swift in Sources */,
				4063F3C7203B59BC00BF6EDC /* UIView+Create.swift in Sources */,
				4063F3C9203B59BC00BF6EDC /* UIImageView+url.swift in Sources */,
				4063F3C6203B59BC00BF6EDC /* Collection+safe.swift in Sources */,
				4063F3AF203B59B200BF6EDC /* SlackUserService.swift in Sources */,
			);
			runOnlyForDeploymentPostprocessing = 0;
		};
		4063F38C203B589300BF6EDC /* Sources */ = {
			isa = PBXSourcesBuildPhase;
			buildActionMask = 2147483647;
			files = (
				4063F395203B589300BF6EDC /* UsersViewProcessorTests.swift in Sources */,
			);
			runOnlyForDeploymentPostprocessing = 0;
		};
/* End PBXSourcesBuildPhase section */

/* Begin PBXTargetDependency section */
		4063F392203B589300BF6EDC /* PBXTargetDependency */ = {
			isa = PBXTargetDependency;
			target = 4063F37B203B589300BF6EDC /* SlackUserParty */;
			targetProxy = 4063F391203B589300BF6EDC /* PBXContainerItemProxy */;
		};
/* End PBXTargetDependency section */

/* Begin PBXVariantGroup section */
		4063F388203B589300BF6EDC /* LaunchScreen.storyboard */ = {
			isa = PBXVariantGroup;
			children = (
				4063F389203B589300BF6EDC /* Base */,
			);
			name = LaunchScreen.storyboard;
			sourceTree = "<group>";
		};
		4063F3BD203B59BC00BF6EDC /* UsersViewController.storyboard */ = {
			isa = PBXVariantGroup;
			children = (
				4063F3BE203B59BC00BF6EDC /* Base */,
			);
			name = UsersViewController.storyboard;
			sourceTree = "<group>";
		};
/* End PBXVariantGroup section */

/* Begin XCBuildConfiguration section */
		4063F397203B589300BF6EDC /* Debug */ = {
			isa = XCBuildConfiguration;
			buildSettings = {
				ALWAYS_SEARCH_USER_PATHS = NO;
				CLANG_ANALYZER_NONNULL = YES;
				CLANG_ANALYZER_NUMBER_OBJECT_CONVERSION = YES_AGGRESSIVE;
				CLANG_CXX_LANGUAGE_STANDARD = "gnu++14";
				CLANG_CXX_LIBRARY = "libc++";
				CLANG_ENABLE_MODULES = YES;
				CLANG_ENABLE_OBJC_ARC = YES;
				CLANG_WARN_BLOCK_CAPTURE_AUTORELEASING = YES;
				CLANG_WARN_BOOL_CONVERSION = YES;
				CLANG_WARN_COMMA = YES;
				CLANG_WARN_CONSTANT_CONVERSION = YES;
				CLANG_WARN_DIRECT_OBJC_ISA_USAGE = YES_ERROR;
				CLANG_WARN_DOCUMENTATION_COMMENTS = YES;
				CLANG_WARN_EMPTY_BODY = YES;
				CLANG_WARN_ENUM_CONVERSION = YES;
				CLANG_WARN_INFINITE_RECURSION = YES;
				CLANG_WARN_INT_CONVERSION = YES;
				CLANG_WARN_NON_LITERAL_NULL_CONVERSION = YES;
				CLANG_WARN_OBJC_LITERAL_CONVERSION = YES;
				CLANG_WARN_OBJC_ROOT_CLASS = YES_ERROR;
				CLANG_WARN_RANGE_LOOP_ANALYSIS = YES;
				CLANG_WARN_STRICT_PROTOTYPES = YES;
				CLANG_WARN_SUSPICIOUS_MOVE = YES;
				CLANG_WARN_UNGUARDED_AVAILABILITY = YES_AGGRESSIVE;
				CLANG_WARN_UNREACHABLE_CODE = YES;
				CLANG_WARN__DUPLICATE_METHOD_MATCH = YES;
				CODE_SIGN_IDENTITY = "iPhone Developer";
				COPY_PHASE_STRIP = NO;
				DEBUG_INFORMATION_FORMAT = dwarf;
				ENABLE_STRICT_OBJC_MSGSEND = YES;
				ENABLE_TESTABILITY = YES;
				GCC_C_LANGUAGE_STANDARD = gnu11;
				GCC_DYNAMIC_NO_PIC = NO;
				GCC_NO_COMMON_BLOCKS = YES;
				GCC_OPTIMIZATION_LEVEL = 0;
				GCC_PREPROCESSOR_DEFINITIONS = (
					"DEBUG=1",
					"$(inherited)",
				);
				GCC_WARN_64_TO_32_BIT_CONVERSION = YES;
				GCC_WARN_ABOUT_RETURN_TYPE = YES_ERROR;
				GCC_WARN_UNDECLARED_SELECTOR = YES;
				GCC_WARN_UNINITIALIZED_AUTOS = YES_AGGRESSIVE;
				GCC_WARN_UNUSED_FUNCTION = YES;
				GCC_WARN_UNUSED_VARIABLE = YES;
				IPHONEOS_DEPLOYMENT_TARGET = 11.2;
				MTL_ENABLE_DEBUG_INFO = YES;
				ONLY_ACTIVE_ARCH = YES;
				SDKROOT = iphoneos;
				SWIFT_ACTIVE_COMPILATION_CONDITIONS = DEBUG;
				SWIFT_OPTIMIZATION_LEVEL = "-Onone";
			};
			name = Debug;
		};
		4063F398203B589300BF6EDC /* Release */ = {
			isa = XCBuildConfiguration;
			buildSettings = {
				ALWAYS_SEARCH_USER_PATHS = NO;
				CLANG_ANALYZER_NONNULL = YES;
				CLANG_ANALYZER_NUMBER_OBJECT_CONVERSION = YES_AGGRESSIVE;
				CLANG_CXX_LANGUAGE_STANDARD = "gnu++14";
				CLANG_CXX_LIBRARY = "libc++";
				CLANG_ENABLE_MODULES = YES;
				CLANG_ENABLE_OBJC_ARC = YES;
				CLANG_WARN_BLOCK_CAPTURE_AUTORELEASING = YES;
				CLANG_WARN_BOOL_CONVERSION = YES;
				CLANG_WARN_COMMA = YES;
				CLANG_WARN_CONSTANT_CONVERSION = YES;
				CLANG_WARN_DIRECT_OBJC_ISA_USAGE = YES_ERROR;
				CLANG_WARN_DOCUMENTATION_COMMENTS = YES;
				CLANG_WARN_EMPTY_BODY = YES;
				CLANG_WARN_ENUM_CONVERSION = YES;
				CLANG_WARN_INFINITE_RECURSION = YES;
				CLANG_WARN_INT_CONVERSION = YES;
				CLANG_WARN_NON_LITERAL_NULL_CONVERSION = YES;
				CLANG_WARN_OBJC_LITERAL_CONVERSION = YES;
				CLANG_WARN_OBJC_ROOT_CLASS = YES_ERROR;
				CLANG_WARN_RANGE_LOOP_ANALYSIS = YES;
				CLANG_WARN_STRICT_PROTOTYPES = YES;
				CLANG_WARN_SUSPICIOUS_MOVE = YES;
				CLANG_WARN_UNGUARDED_AVAILABILITY = YES_AGGRESSIVE;
				CLANG_WARN_UNREACHABLE_CODE = YES;
				CLANG_WARN__DUPLICATE_METHOD_MATCH = YES;
				CODE_SIGN_IDENTITY = "iPhone Developer";
				COPY_PHASE_STRIP = NO;
				DEBUG_INFORMATION_FORMAT = "dwarf-with-dsym";
				ENABLE_NS_ASSERTIONS = NO;
				ENABLE_STRICT_OBJC_MSGSEND = YES;
				GCC_C_LANGUAGE_STANDARD = gnu11;
				GCC_NO_COMMON_BLOCKS = YES;
				GCC_WARN_64_TO_32_BIT_CONVERSION = YES;
				GCC_WARN_ABOUT_RETURN_TYPE = YES_ERROR;
				GCC_WARN_UNDECLARED_SELECTOR = YES;
				GCC_WARN_UNINITIALIZED_AUTOS = YES_AGGRESSIVE;
				GCC_WARN_UNUSED_FUNCTION = YES;
				GCC_WARN_UNUSED_VARIABLE = YES;
				IPHONEOS_DEPLOYMENT_TARGET = 11.2;
				MTL_ENABLE_DEBUG_INFO = NO;
				SDKROOT = iphoneos;
				SWIFT_OPTIMIZATION_LEVEL = "-Owholemodule";
				VALIDATE_PRODUCT = YES;
			};
			name = Release;
		};
		4063F39A203B589300BF6EDC /* Debug */ = {
			isa = XCBuildConfiguration;
			buildSettings = {
				ASSETCATALOG_COMPILER_APPICON_NAME = AppIcon;
				CODE_SIGN_STYLE = Automatic;
				DEVELOPMENT_TEAM = 3E2X8PZ6MG;
				INFOPLIST_FILE = SlackUserParty/Info.plist;
				LD_RUNPATH_SEARCH_PATHS = "$(inherited) @executable_path/Frameworks";
				PRODUCT_BUNDLE_IDENTIFIER = com.backcountry.nomad.SlackUserParty;
				PRODUCT_NAME = "$(TARGET_NAME)";
				SWIFT_VERSION = 4.0;
				TARGETED_DEVICE_FAMILY = "1,2";
			};
			name = Debug;
		};
		4063F39B203B589300BF6EDC /* Release */ = {
			isa = XCBuildConfiguration;
			buildSettings = {
				ASSETCATALOG_COMPILER_APPICON_NAME = AppIcon;
				CODE_SIGN_STYLE = Automatic;
				DEVELOPMENT_TEAM = 3E2X8PZ6MG;
				INFOPLIST_FILE = SlackUserParty/Info.plist;
				LD_RUNPATH_SEARCH_PATHS = "$(inherited) @executable_path/Frameworks";
				PRODUCT_BUNDLE_IDENTIFIER = com.backcountry.nomad.SlackUserParty;
				PRODUCT_NAME = "$(TARGET_NAME)";
				SWIFT_VERSION = 4.0;
				TARGETED_DEVICE_FAMILY = "1,2";
			};
			name = Release;
		};
		4063F39D203B589300BF6EDC /* Debug */ = {
			isa = XCBuildConfiguration;
			buildSettings = {
				ALWAYS_EMBED_SWIFT_STANDARD_LIBRARIES = YES;
				BUNDLE_LOADER = "$(TEST_HOST)";
				CODE_SIGN_STYLE = Automatic;
				DEVELOPMENT_TEAM = 3E2X8PZ6MG;
				INFOPLIST_FILE = SlackUserPartyTests/Info.plist;
				LD_RUNPATH_SEARCH_PATHS = "$(inherited) @executable_path/Frameworks @loader_path/Frameworks";
				PRODUCT_BUNDLE_IDENTIFIER = com.backcountry.nomad.SlackUserPartyTests;
				PRODUCT_NAME = "$(TARGET_NAME)";
				SWIFT_VERSION = 4.0;
				TARGETED_DEVICE_FAMILY = "1,2";
				TEST_HOST = "$(BUILT_PRODUCTS_DIR)/SlackUserParty.app/SlackUserParty";
			};
			name = Debug;
		};
		4063F39E203B589300BF6EDC /* Release */ = {
			isa = XCBuildConfiguration;
			buildSettings = {
				ALWAYS_EMBED_SWIFT_STANDARD_LIBRARIES = YES;
				BUNDLE_LOADER = "$(TEST_HOST)";
				CODE_SIGN_STYLE = Automatic;
				DEVELOPMENT_TEAM = 3E2X8PZ6MG;
				INFOPLIST_FILE = SlackUserPartyTests/Info.plist;
				LD_RUNPATH_SEARCH_PATHS = "$(inherited) @executable_path/Frameworks @loader_path/Frameworks";
				PRODUCT_BUNDLE_IDENTIFIER = com.backcountry.nomad.SlackUserPartyTests;
				PRODUCT_NAME = "$(TARGET_NAME)";
				SWIFT_VERSION = 4.0;
				TARGETED_DEVICE_FAMILY = "1,2";
				TEST_HOST = "$(BUILT_PRODUCTS_DIR)/SlackUserParty.app/SlackUserParty";
			};
			name = Release;
		};
/* End XCBuildConfiguration section */

/* Begin XCConfigurationList section */
		4063F377203B589300BF6EDC /* Build configuration list for PBXProject "SlackUserParty" */ = {
			isa = XCConfigurationList;
			buildConfigurations = (
				4063F397203B589300BF6EDC /* Debug */,
				4063F398203B589300BF6EDC /* Release */,
			);
			defaultConfigurationIsVisible = 0;
			defaultConfigurationName = Release;
		};
		4063F399203B589300BF6EDC /* Build configuration list for PBXNativeTarget "SlackUserParty" */ = {
			isa = XCConfigurationList;
			buildConfigurations = (
				4063F39A203B589300BF6EDC /* Debug */,
				4063F39B203B589300BF6EDC /* Release */,
			);
			defaultConfigurationIsVisible = 0;
			defaultConfigurationName = Release;
		};
		4063F39C203B589300BF6EDC /* Build configuration list for PBXNativeTarget "SlackUserPartyTests" */ = {
			isa = XCConfigurationList;
			buildConfigurations = (
				4063F39D203B589300BF6EDC /* Debug */,
				4063F39E203B589300BF6EDC /* Release */,
			);
			defaultConfigurationIsVisible = 0;
			defaultConfigurationName = Release;
		};
/* End XCConfigurationList section */
	};
	rootObject = 4063F374203B589300BF6EDC /* Project object */;
}
